
Microsoft Visual Studio Solution File, Format Version 12.00
Project("{FAE04EC0-301F-11D3-BF4B-00C04F79EFBC}") = "cv-19-org-volunteers", "cv-19-org-volunteers\cv-19-org-volunteers.csproj", "{2D9A3ACB-FF33-49BB-9BB2-EAC2B3E10840}"
EndProject
Project("{FAE04EC0-301F-11D3-BF4B-00C04F79EFBC}") = "cv-19-org-volunteers-test", "cv-19-org-volunteers-test\cv-19-org-volunteers-test.csproj", "{73C54032-9BAE-4096-AB6F-C82191AA44A0}"
EndProject
Global
	GlobalSection(SolutionConfigurationPlatforms) = preSolution
		Debug|Any CPU = Debug|Any CPU
		Release|Any CPU = Release|Any CPU
	EndGlobalSection
	GlobalSection(ProjectConfigurationPlatforms) = postSolution
		{2D9A3ACB-FF33-49BB-9BB2-EAC2B3E10840}.Debug|Any CPU.ActiveCfg = Debug|Any CPU
		{2D9A3ACB-FF33-49BB-9BB2-EAC2B3E10840}.Debug|Any CPU.Build.0 = Debug|Any CPU
		{2D9A3ACB-FF33-49BB-9BB2-EAC2B3E10840}.Release|Any CPU.ActiveCfg = Release|Any CPU
		{2D9A3ACB-FF33-49BB-9BB2-EAC2B3E10840}.Release|Any CPU.Build.0 = Release|Any CPU
		{73C54032-9BAE-4096-AB6F-C82191AA44A0}.Debug|Any CPU.ActiveCfg = Debug|Any CPU
		{73C54032-9BAE-4096-AB6F-C82191AA44A0}.Debug|Any CPU.Build.0 = Debug|Any CPU
		{73C54032-9BAE-4096-AB6F-C82191AA44A0}.Release|Any CPU.ActiveCfg = Release|Any CPU
		{73C54032-9BAE-4096-AB6F-C82191AA44A0}.Release|Any CPU.Build.0 = Release|Any CPU
	EndGlobalSection
EndGlobal
